
Microsoft Visual Studio Solution File, Format Version 12.00
# Visual Studio Version 16
VisualStudioVersion = 16.0.31410.357
MinimumVisualStudioVersion = 10.0.40219.1
Project("{FAE04EC0-301F-11D3-BF4B-00C04F79EFBC}") = "BibliotekaProjekt", "BibliotekaProjekt\BibliotekaProjekt.csproj", "{DE86C481-6225-437D-8FCB-FFF8B1D0BA4E}"
EndProject
Global
	GlobalSection(SolutionConfigurationPlatforms) = preSolution
		Debug|Any CPU = Debug|Any CPU
		Release|Any CPU = Release|Any CPU
	EndGlobalSection
	GlobalSection(ProjectConfigurationPlatforms) = postSolution
		{DE86C481-6225-437D-8FCB-FFF8B1D0BA4E}.Debug|Any CPU.ActiveCfg = Debug|Any CPU
		{DE86C481-6225-437D-8FCB-FFF8B1D0BA4E}.Debug|Any CPU.Build.0 = Debug|Any CPU
		{DE86C481-6225-437D-8FCB-FFF8B1D0BA4E}.Release|Any CPU.ActiveCfg = Release|Any CPU
		{DE86C481-6225-437D-8FCB-FFF8B1D0BA4E}.Release|Any CPU.Build.0 = Release|Any CPU
	EndGlobalSection
	GlobalSection(SolutionProperties) = preSolution
		HideSolutionNode = FALSE
	EndGlobalSection
	GlobalSection(ExtensibilityGlobals) = postSolution
		SolutionGuid = {B81C905C-B6AA-47EF-AA33-9AC109CDA206}
	EndGlobalSection
EndGlobal
